{
    "_meta": {
        "hash": {
            "sha256": "c1aaeb21f32f12942d1cce51e1f123f8d1b17d363d1f03e447626a7a0a41abc3"
        },
        "pipfile-spec": 6,
        "requires": {
            "python_version": "3.9"
        },
        "sources": [
            {
                "name": "pypi",
                "url": "https://pypi.python.org/simple",
                "verify_ssl": true
            }
        ]
    },
    "default": {
        "mcipc": {
            "hashes": [
                "sha256:21c6651e9e7759eb3176d74f3539bb89b7aabd026a1ebfa635c041acbceec5f4",
                "sha256:8302ec9daa9274295e0f8a7c9dea00d7b8d6ccaf635f6aa5bdafc2e0cb8d6ea7"
            ],
            "markers": "python_version >= '3.9'",
            "version": "==2.3.3"
        },
        "mciwb": {
            "editable": true,
            "path": "."
        },
        "mcwb": {
            "hashes": [
                "sha256:bc4a7b276b5620b85e2c9d59435cfbe793845d8b7caee7c74cfa6d4a187a2b51",
                "sha256:f6036c5932674d322216b37c32a81c8f95c6ae7bfc12043aa98adb9e6427204b"
            ],
            "version": "==0.1.0"
        },
        "numpy": {
            "hashes": [
                "sha256:0b78ecfa070460104934e2caf51694ccd00f37d5e5dbe76f021b1b0b0d221823",
                "sha256:1247ef28387b7bb7f21caf2dbe4767f4f4175df44d30604d42ad9bd701ebb31f",
                "sha256:1403b4e2181fc72664737d848b60e65150f272fe5a1c1cbc16145ed43884065a",
                "sha256:170b2a0805c6891ca78c1d96ee72e4c3ed1ae0a992c75444b6ab20ff038ba2cd",
                "sha256:2e4ed57f45f0aa38beca2a03b6532e70e548faf2debbeb3291cfc9b315d9be8f",
                "sha256:32fe5b12061f6446adcbb32cf4060a14741f9c21e15aaee59a207b6ce6423469",
                "sha256:34f3456f530ae8b44231c63082c8899fe9c983fd9b108c997c4b1c8c2d435333",
                "sha256:4c9c23158b87ed0e70d9a50c67e5c0b3f75bcf2581a8e34668d4e9d7474d76c6",
                "sha256:5d95668e727c75b3f5088ec7700e260f90ec83f488e4c0aaccb941148b2cd377",
                "sha256:615d4e328af7204c13ae3d4df7615a13ff60a49cb0d9106fde07f541207883ca",
                "sha256:69077388c5a4b997442b843dbdc3a85b420fb693ec8e33020bb24d647c164fa5",
                "sha256:74b85a17528ca60cf98381a5e779fc0264b4a88b46025e6bcbe9621f46bb3e63",
                "sha256:81225e58ef5fce7f1d80399575576fc5febec79a8a2742e8ef86d7b03beef49f",
                "sha256:8890b3360f345e8360133bc078d2dacc2843b6ee6059b568781b15b97acbe39f",
                "sha256:92aafa03da8658609f59f18722b88f0a73a249101169e28415b4fa148caf7e41",
                "sha256:9864424631775b0c052f3bd98bc2712d131b3e2cd95d1c0c68b91709170890b0",
                "sha256:9e6f5f50d1eff2f2f752b3089a118aee1ea0da63d56c44f3865681009b0af162",
                "sha256:a3deb31bc84f2b42584b8c4001c85d1934dbfb4030827110bc36bfd11509b7bf",
                "sha256:ad010846cdffe7ec27e3f933397f8a8d6c801a48634f419e3d075db27acf5880",
                "sha256:b1e2312f5b8843a3e4e8224b2b48fe16119617b8fc0a54df8f50098721b5bed2",
                "sha256:bc988afcea53e6156546e5b2885b7efab089570783d9d82caf1cfd323b0bb3dd",
                "sha256:c449eb870616a7b62e097982c622d2577b3dbc800aaf8689254ec6e0197cbf1e",
                "sha256:c74c699b122918a6c4611285cc2cad4a3aafdb135c22a16ec483340ef97d573c",
                "sha256:c885bfc07f77e8fee3dc879152ba993732601f1f11de248d4f357f0ffea6a6d4",
                "sha256:e3c3e990274444031482a31280bf48674441e0a5b55ddb168f3a6db3e0c38ec8",
                "sha256:e4799be6a2d7d3c33699a6f77201836ac975b2e1b98c2a07f66a38f499cb50ce",
                "sha256:e6c76a87633aa3fa16614b61ccedfae45b91df2767cf097aa9c933932a7ed1e0",
                "sha256:e89717274b41ebd568cd7943fc9418eeb49b1785b66031bc8a7f6300463c5898",
                "sha256:f5162ec777ba7138906c9c274353ece5603646c6965570d82905546579573f73",
                "sha256:fde96af889262e85aa033f8ee1d3241e32bf36228318a61f1ace579df4e8170d"
            ],
            "markers": "python_version < '3.11' and python_version >= '3.7'",
            "version": "==1.21.4"
        },
        "rcon": {
            "hashes": [
                "sha256:0bf3b6e02f8ba549610e901435c7977a133edd29329d1829a5ee9fd53f92e3f8",
                "sha256:9d0cc7b1d8f9c17223bd1b4aeeda864a22ceac6bc7cf5aabf45b664e3bc37bc7"
            ],
            "markers": "python_version >= '3.8'",
            "version": "==1.3.6"
        }
    },
    "develop": {
        "alabaster": {
            "hashes": [
                "sha256:446438bdcca0e05bd45ea2de1668c1d9b032e1a9154c2c259092d77031ddd359",
                "sha256:a661d72d58e6ea8a57f7a86e37d86716863ee5e92788398526d58b26a4e4dc02"
            ],
            "version": "==0.7.12"
        },
        "attrs": {
            "hashes": [
                "sha256:149e90d6d8ac20db7a955ad60cf0e6881a3f20d37096140088356da6c716b0b1",
                "sha256:ef6aaac3ca6cd92904cdd0d83f629a15f18053ec84e6432106f7a4d04ae4f5fb"
            ],
            "markers": "python_version >= '2.7' and python_version not in '3.0, 3.1, 3.2, 3.3, 3.4'",
            "version": "==21.2.0"
        },
        "babel": {
            "hashes": [
                "sha256:ab49e12b91d937cd11f0b67cb259a57ab4ad2b59ac7a3b41d6c06c0ac5b0def9",
                "sha256:bc0c176f9f6a994582230df350aa6e05ba2ebe4b3ac317eab29d9be5d2768da0"
            ],
            "markers": "python_version >= '2.7' and python_version not in '3.0, 3.1, 3.2, 3.3'",
            "version": "==2.9.1"
        },
        "black": {
            "hashes": [
                "sha256:6eb7448da9143ee65b856a5f3676b7dda98ad9abe0f87fce8c59291f15e82a5b",
                "sha256:a9952229092e325fe5f3dae56d81f639b23f7131eb840781947e4b2886030f33"
            ],
            "markers": "python_full_version >= '3.6.2'",
            "version": "==21.10b0"
        },
        "certifi": {
            "hashes": [
                "sha256:78884e7c1d4b00ce3cea67b44566851c4343c120abd683433ce934a68ea58872",
                "sha256:d62a0163eb4c2344ac042ab2bdf75399a71a2d8c7d47eac2e2ee91b9d6339569"
            ],
            "version": "==2021.10.8"
        },
        "charset-normalizer": {
            "hashes": [
                "sha256:e019de665e2bcf9c2b64e2e5aa025fa991da8720daa3c1138cadd2fd1856aed0",
                "sha256:f7af805c321bfa1ce6714c51f254e0d5bb5e5834039bc17db7ebe3a4cec9492b"
            ],
            "markers": "python_version >= '3'",
            "version": "==2.0.7"
        },
        "click": {
            "hashes": [
                "sha256:353f466495adaeb40b6b5f592f9f91cb22372351c84caeb068132442a4518ef3",
                "sha256:410e932b050f5eed773c4cda94de75971c89cdb3155a72a0831139a79e5ecb5b"
            ],
            "markers": "python_version >= '3.6'",
            "version": "==8.0.3"
        },
        "coverage": {
            "extras": [
                "toml"
            ],
            "hashes": [
                "sha256:0147f7833c41927d84f5af9219d9b32f875c0689e5e74ac8ca3cb61e73a698f9",
                "sha256:04a92a6cf9afd99f9979c61348ec79725a9f9342fb45e63c889e33c04610d97b",
                "sha256:10ab138b153e4cc408b43792cb7f518f9ee02f4ff55cd1ab67ad6fd7e9905c7e",
                "sha256:2e5b9c17a56b8bf0c0a9477fcd30d357deb486e4e1b389ed154f608f18556c8a",
                "sha256:326d944aad0189603733d646e8d4a7d952f7145684da973c463ec2eefe1387c2",
                "sha256:359a32515e94e398a5c0fa057e5887a42e647a9502d8e41165cf5cb8d3d1ca67",
                "sha256:35cd2230e1ed76df7d0081a997f0fe705be1f7d8696264eb508076e0d0b5a685",
                "sha256:3b270c6b48d3ff5a35deb3648028ba2643ad8434b07836782b1139cf9c66313f",
                "sha256:42a1fb5dee3355df90b635906bb99126faa7936d87dfc97eacc5293397618cb7",
                "sha256:479228e1b798d3c246ac89b09897ee706c51b3e5f8f8d778067f38db73ccc717",
                "sha256:4cd919057636f63ab299ccb86ea0e78b87812400c76abab245ca385f17d19fb5",
                "sha256:4d8b453764b9b26b0dd2afb83086a7c3f9379134e340288d2a52f8a91592394b",
                "sha256:51a441011a30d693e71dea198b2a6f53ba029afc39f8e2aeb5b77245c1b282ef",
                "sha256:557594a50bfe3fb0b1b57460f6789affe8850ad19c1acf2d14a3e12b2757d489",
                "sha256:572f917267f363101eec375c109c9c1118037c7cc98041440b5eabda3185ac7b",
                "sha256:62512c0ec5d307f56d86504c58eace11c1bc2afcdf44e3ff20de8ca427ca1d0e",
                "sha256:65ad3ff837c89a229d626b8004f0ee32110f9bfdb6a88b76a80df36ccc60d926",
                "sha256:666c6b32b69e56221ad1551d377f718ed00e6167c7a1b9257f780b105a101271",
                "sha256:6e994003e719458420e14ffb43c08f4c14990e20d9e077cb5cad7a3e419bbb54",
                "sha256:72bf437d54186d104388cbae73c9f2b0f8a3e11b6e8d7deb593bd14625c96026",
                "sha256:738e823a746841248b56f0f3bd6abf3b73af191d1fd65e4c723b9c456216f0ad",
                "sha256:78287731e3601ea5ce9d6468c82d88a12ef8fe625d6b7bdec9b45d96c1ad6533",
                "sha256:7833c872718dc913f18e51ee97ea0dece61d9930893a58b20b3daf09bb1af6b6",
                "sha256:7e083d32965d2eb6638a77e65b622be32a094fdc0250f28ce6039b0732fbcaa8",
                "sha256:8186b5a4730c896cbe1e4b645bdc524e62d874351ae50e1db7c3e9f5dc81dc26",
                "sha256:8605add58e6a960729aa40c0fd9a20a55909dd9b586d3e8104cc7f45869e4c6b",
                "sha256:977ce557d79577a3dd510844904d5d968bfef9489f512be65e2882e1c6eed7d8",
                "sha256:994ce5a7b3d20981b81d83618aa4882f955bfa573efdbef033d5632b58597ba9",
                "sha256:9ad5895938a894c368d49d8470fe9f519909e5ebc6b8f8ea5190bd0df6aa4271",
                "sha256:9eb0a1923354e0fdd1c8a6f53f5db2e6180d670e2b587914bf2e79fa8acfd003",
                "sha256:a00284dbfb53b42e35c7dd99fc0e26ef89b4a34efff68078ed29d03ccb28402a",
                "sha256:a11a2c019324fc111485e79d55907e7289e53d0031275a6c8daed30690bc50c0",
                "sha256:ab6a0fe4c96f8058d41948ddf134420d3ef8c42d5508b5a341a440cce7a37a1d",
                "sha256:b1d0a1bce919de0dd8da5cff4e616b2d9e6ebf3bd1410ff645318c3dd615010a",
                "sha256:b8e4f15b672c9156c1154249a9c5746e86ac9ae9edc3799ee3afebc323d9d9e0",
                "sha256:bbca34dca5a2d60f81326d908d77313816fad23d11b6069031a3d6b8c97a54f9",
                "sha256:bf656cd74ff7b4ed7006cdb2a6728150aaad69c7242b42a2a532f77b63ea233f",
                "sha256:c95257aa2ccf75d3d91d772060538d5fea7f625e48157f8ca44594f94d41cb33",
                "sha256:dc5023be1c2a8b0a0ab5e31389e62c28b2453eb31dd069f4b8d1a0f9814d951a",
                "sha256:e14bceb1f3ae8a14374be2b2d7bc12a59226872285f91d66d301e5f41705d4d6",
                "sha256:e3c4f5211394cd0bf6874ac5d29684a495f9c374919833dcfff0bd6d37f96201",
                "sha256:e76f017b6d4140a038c5ff12be1581183d7874e41f1c0af58ecf07748d36a336",
                "sha256:e7d5606b9240ed4def9cbdf35be4308047d11e858b9c88a6c26974758d6225ce",
                "sha256:f0f80e323a17af63eac6a9db0c9188c10f1fd815c3ab299727150cc0eb92c7a4",
                "sha256:fb2fa2f6506c03c48ca42e3fe5a692d7470d290c047ee6de7c0f3e5fa7639ac9",
                "sha256:ffa8fee2b1b9e60b531c4c27cf528d6b5d5da46b1730db1f4d6eee56ff282e07"
            ],
            "markers": "python_version >= '3.6'",
            "version": "==6.1.1"
        },
        "docker": {
            "hashes": [
                "sha256:7a79bb439e3df59d0a72621775d600bc8bc8b422d285824cb37103eab91d1ce0",
                "sha256:d916a26b62970e7c2f554110ed6af04c7ccff8e9f81ad17d0d40c75637e227fb"
            ],
            "markers": "python_version >= '3.6'",
            "version": "==5.0.3"
        },
        "docutils": {
            "hashes": [
                "sha256:686577d2e4c32380bb50cbb22f575ed742d58168cee37e99117a854bcd88f125",
                "sha256:cf316c8370a737a022b72b56874f6602acf974a37a9fba42ec2876387549fc61"
            ],
            "markers": "python_version >= '2.7' and python_version not in '3.0, 3.1, 3.2, 3.3, 3.4'",
            "version": "==0.17.1"
        },
        "filelock": {
            "hashes": [
                "sha256:7afc856f74fa7006a289fd10fa840e1eebd8bbff6bffb69c26c54a0512ea8cf8",
                "sha256:bb2a1c717df74c48a2d00ed625e5a66f8572a3a30baacb7657add1d7bac4097b"
            ],
            "markers": "python_version >= '3.6'",
            "version": "==3.3.2"
        },
        "flake8": {
            "hashes": [
                "sha256:07528381786f2a6237b061f6e96610a4167b226cb926e2aa2b6b1d78057c576b",
                "sha256:bf8fd333346d844f616e8d47905ef3a3384edae6b4e9beb0c5101e25e3110907"
            ],
            "markers": "python_version >= '2.7' and python_version not in '3.0, 3.1, 3.2, 3.3, 3.4'",
            "version": "==3.9.2"
        },
        "flake8-isort": {
            "hashes": [
                "sha256:c4e8b6dcb7be9b71a02e6e5d4196cefcef0f3447be51e82730fb336fff164949",
                "sha256:d814304ab70e6e58859bc5c3e221e2e6e71c958e7005239202fee19c24f82717"
            ],
            "version": "==4.1.1"
        },
        "idna": {
            "hashes": [
                "sha256:84d9dd047ffa80596e0f246e2eab0b391788b0503584e8945f2368256d2735ff",
                "sha256:9d643ff0a55b762d5cdb124b8eaa99c66322e2157b69160bc32796e824360e6d"
            ],
            "markers": "python_version >= '3'",
            "version": "==3.3"
        },
        "imagesize": {
            "hashes": [
                "sha256:6965f19a6a2039c7d48bca7dba2473069ff854c36ae6f19d2cde309d998228a1",
                "sha256:b1f6b5a4eab1f73479a50fb79fcf729514a900c341d8503d62a62dbc4127a2b1"
            ],
            "markers": "python_version >= '2.7' and python_version not in '3.0, 3.1, 3.2, 3.3'",
            "version": "==1.2.0"
        },
        "importlib-metadata": {
            "hashes": [
                "sha256:b618b6d2d5ffa2f16add5697cf57a46c76a56229b0ed1c438322e4e95645bd15",
                "sha256:f284b3e11256ad1e5d03ab86bb2ccd6f5339688ff17a4d797a0fe7df326f23b1"
            ],
            "markers": "python_version >= '3.6'",
            "version": "==4.8.1"
        },
        "iniconfig": {
            "hashes": [
                "sha256:011e24c64b7f47f6ebd835bb12a743f2fbe9a26d4cecaa7f53bc4f35ee9da8b3",
                "sha256:bc3af051d7d14b2ee5ef9969666def0cd1a000e121eaea580d4a313df4b37f32"
            ],
            "version": "==1.1.1"
        },
        "isort": {
            "hashes": [
                "sha256:1a18ccace2ed8910bd9458b74a3ecbafd7b2f581301b0ab65cfdd4338272d76f",
                "sha256:e52ff6d38012b131628cf0f26c51e7bd3a7c81592eefe3ac71411e692f1b9345"
            ],
            "markers": "python_version < '4' and python_full_version >= '3.6.1'",
            "version": "==5.10.0"
        },
        "jinja2": {
            "hashes": [
                "sha256:827a0e32839ab1600d4eb1c4c33ec5a8edfbc5cb42dafa13b81f182f97784b45",
                "sha256:8569982d3f0889eed11dd620c706d39b60c36d6d25843961f33f77fb6bc6b20c"
            ],
            "markers": "python_version >= '3.6'",
            "version": "==3.0.2"
        },
        "markupsafe": {
            "hashes": [
                "sha256:01a9b8ea66f1658938f65b93a85ebe8bc016e6769611be228d797c9d998dd298",
                "sha256:023cb26ec21ece8dc3907c0e8320058b2e0cb3c55cf9564da612bc325bed5e64",
                "sha256:0446679737af14f45767963a1a9ef7620189912317d095f2d9ffa183a4d25d2b",
                "sha256:04635854b943835a6ea959e948d19dcd311762c5c0c6e1f0e16ee57022669194",
                "sha256:0717a7390a68be14b8c793ba258e075c6f4ca819f15edfc2a3a027c823718567",
                "sha256:0955295dd5eec6cb6cc2fe1698f4c6d84af2e92de33fbcac4111913cd100a6ff",
                "sha256:0d4b31cc67ab36e3392bbf3862cfbadac3db12bdd8b02a2731f509ed5b829724",
                "sha256:10f82115e21dc0dfec9ab5c0223652f7197feb168c940f3ef61563fc2d6beb74",
                "sha256:168cd0a3642de83558a5153c8bd34f175a9a6e7f6dc6384b9655d2697312a646",
                "sha256:1d609f577dc6e1aa17d746f8bd3c31aa4d258f4070d61b2aa5c4166c1539de35",
                "sha256:1f2ade76b9903f39aa442b4aadd2177decb66525062db244b35d71d0ee8599b6",
                "sha256:20dca64a3ef2d6e4d5d615a3fd418ad3bde77a47ec8a23d984a12b5b4c74491a",
                "sha256:2a7d351cbd8cfeb19ca00de495e224dea7e7d919659c2841bbb7f420ad03e2d6",
                "sha256:2d7d807855b419fc2ed3e631034685db6079889a1f01d5d9dac950f764da3dad",
                "sha256:2ef54abee730b502252bcdf31b10dacb0a416229b72c18b19e24a4509f273d26",
                "sha256:36bc903cbb393720fad60fc28c10de6acf10dc6cc883f3e24ee4012371399a38",
                "sha256:37205cac2a79194e3750b0af2a5720d95f786a55ce7df90c3af697bfa100eaac",
                "sha256:3c112550557578c26af18a1ccc9e090bfe03832ae994343cfdacd287db6a6ae7",
                "sha256:3dd007d54ee88b46be476e293f48c85048603f5f516008bee124ddd891398ed6",
                "sha256:4296f2b1ce8c86a6aea78613c34bb1a672ea0e3de9c6ba08a960efe0b0a09047",
                "sha256:47ab1e7b91c098ab893b828deafa1203de86d0bc6ab587b160f78fe6c4011f75",
                "sha256:49e3ceeabbfb9d66c3aef5af3a60cc43b85c33df25ce03d0031a608b0a8b2e3f",
                "sha256:4dc8f9fb58f7364b63fd9f85013b780ef83c11857ae79f2feda41e270468dd9b",
                "sha256:4efca8f86c54b22348a5467704e3fec767b2db12fc39c6d963168ab1d3fc9135",
                "sha256:53edb4da6925ad13c07b6d26c2a852bd81e364f95301c66e930ab2aef5b5ddd8",
                "sha256:5855f8438a7d1d458206a2466bf82b0f104a3724bf96a1c781ab731e4201731a",
                "sha256:594c67807fb16238b30c44bdf74f36c02cdf22d1c8cda91ef8a0ed8dabf5620a",
                "sha256:5b6d930f030f8ed98e3e6c98ffa0652bdb82601e7a016ec2ab5d7ff23baa78d1",
                "sha256:5bb28c636d87e840583ee3adeb78172efc47c8b26127267f54a9c0ec251d41a9",
                "sha256:60bf42e36abfaf9aff1f50f52644b336d4f0a3fd6d8a60ca0d054ac9f713a864",
                "sha256:611d1ad9a4288cf3e3c16014564df047fe08410e628f89805e475368bd304914",
                "sha256:6300b8454aa6930a24b9618fbb54b5a68135092bc666f7b06901f897fa5c2fee",
                "sha256:63f3268ba69ace99cab4e3e3b5840b03340efed0948ab8f78d2fd87ee5442a4f",
                "sha256:6557b31b5e2c9ddf0de32a691f2312a32f77cd7681d8af66c2692efdbef84c18",
                "sha256:693ce3f9e70a6cf7d2fb9e6c9d8b204b6b39897a2c4a1aa65728d5ac97dcc1d8",
                "sha256:6a7fae0dd14cf60ad5ff42baa2e95727c3d81ded453457771d02b7d2b3f9c0c2",
                "sha256:6c4ca60fa24e85fe25b912b01e62cb969d69a23a5d5867682dd3e80b5b02581d",
                "sha256:6fcf051089389abe060c9cd7caa212c707e58153afa2c649f00346ce6d260f1b",
                "sha256:7d91275b0245b1da4d4cfa07e0faedd5b0812efc15b702576d103293e252af1b",
                "sha256:89c687013cb1cd489a0f0ac24febe8c7a666e6e221b783e53ac50ebf68e45d86",
                "sha256:8d206346619592c6200148b01a2142798c989edcb9c896f9ac9722a99d4e77e6",
                "sha256:905fec760bd2fa1388bb5b489ee8ee5f7291d692638ea5f67982d968366bef9f",
                "sha256:97383d78eb34da7e1fa37dd273c20ad4320929af65d156e35a5e2d89566d9dfb",
                "sha256:984d76483eb32f1bcb536dc27e4ad56bba4baa70be32fa87152832cdd9db0833",
                "sha256:99df47edb6bda1249d3e80fdabb1dab8c08ef3975f69aed437cb69d0a5de1e28",
                "sha256:9f02365d4e99430a12647f09b6cc8bab61a6564363f313126f775eb4f6ef798e",
                "sha256:a30e67a65b53ea0a5e62fe23682cfe22712e01f453b95233b25502f7c61cb415",
                "sha256:ab3ef638ace319fa26553db0624c4699e31a28bb2a835c5faca8f8acf6a5a902",
                "sha256:aca6377c0cb8a8253e493c6b451565ac77e98c2951c45f913e0b52facdcff83f",
                "sha256:add36cb2dbb8b736611303cd3bfcee00afd96471b09cda130da3581cbdc56a6d",
                "sha256:b2f4bf27480f5e5e8ce285a8c8fd176c0b03e93dcc6646477d4630e83440c6a9",
                "sha256:b7f2d075102dc8c794cbde1947378051c4e5180d52d276987b8d28a3bd58c17d",
                "sha256:baa1a4e8f868845af802979fcdbf0bb11f94f1cb7ced4c4b8a351bb60d108145",
                "sha256:be98f628055368795d818ebf93da628541e10b75b41c559fdf36d104c5787066",
                "sha256:bf5d821ffabf0ef3533c39c518f3357b171a1651c1ff6827325e4489b0e46c3c",
                "sha256:c47adbc92fc1bb2b3274c4b3a43ae0e4573d9fbff4f54cd484555edbf030baf1",
                "sha256:cdfba22ea2f0029c9261a4bd07e830a8da012291fbe44dc794e488b6c9bb353a",
                "sha256:d6c7ebd4e944c85e2c3421e612a7057a2f48d478d79e61800d81468a8d842207",
                "sha256:d7f9850398e85aba693bb640262d3611788b1f29a79f0c93c565694658f4071f",
                "sha256:d8446c54dc28c01e5a2dbac5a25f071f6653e6e40f3a8818e8b45d790fe6ef53",
                "sha256:deb993cacb280823246a026e3b2d81c493c53de6acfd5e6bfe31ab3402bb37dd",
                "sha256:e0f138900af21926a02425cf736db95be9f4af72ba1bb21453432a07f6082134",
                "sha256:e9936f0b261d4df76ad22f8fee3ae83b60d7c3e871292cd42f40b81b70afae85",
                "sha256:f0567c4dc99f264f49fe27da5f735f414c4e7e7dd850cfd8e69f0862d7c74ea9",
                "sha256:f5653a225f31e113b152e56f154ccbe59eeb1c7487b39b9d9f9cdb58e6c79dc5",
                "sha256:f826e31d18b516f653fe296d967d700fddad5901ae07c622bb3705955e1faa94",
                "sha256:f8ba0e8349a38d3001fae7eadded3f6606f0da5d748ee53cc1dab1d6527b9509",
                "sha256:f9081981fe268bd86831e5c75f7de206ef275defcb82bc70740ae6dc507aee51",
                "sha256:fa130dd50c57d53368c9d59395cb5526eda596d3ffe36666cd81a44d56e48872"
            ],
            "markers": "python_version >= '3.6'",
            "version": "==2.0.1"
        },
        "mccabe": {
            "hashes": [
                "sha256:ab8a6258860da4b6677da4bd2fe5dc2c659cff31b3ee4f7f5d64e79735b80d42",
                "sha256:dd8d182285a0fe56bace7f45b5e7d1a6ebcbf524e8f3bd87eb0f125271b8831f"
            ],
            "version": "==0.6.1"
        },
        "mcipc": {
            "hashes": [
                "sha256:21c6651e9e7759eb3176d74f3539bb89b7aabd026a1ebfa635c041acbceec5f4",
                "sha256:8302ec9daa9274295e0f8a7c9dea00d7b8d6ccaf635f6aa5bdafc2e0cb8d6ea7"
            ],
            "markers": "python_version >= '3.9'",
            "version": "==2.3.3"
        },
        "mciwb": {
            "editable": true,
            "path": "."
        },
        "mcwb": {
            "hashes": [
                "sha256:bc4a7b276b5620b85e2c9d59435cfbe793845d8b7caee7c74cfa6d4a187a2b51",
                "sha256:f6036c5932674d322216b37c32a81c8f95c6ae7bfc12043aa98adb9e6427204b"
            ],
            "version": "==0.1.0"
        },
        "mypy": {
            "hashes": [
                "sha256:088cd9c7904b4ad80bec811053272986611b84221835e079be5bcad029e79dd9",
                "sha256:0aadfb2d3935988ec3815952e44058a3100499f5be5b28c34ac9d79f002a4a9a",
                "sha256:119bed3832d961f3a880787bf621634ba042cb8dc850a7429f643508eeac97b9",
                "sha256:1a85e280d4d217150ce8cb1a6dddffd14e753a4e0c3cf90baabb32cefa41b59e",
                "sha256:3c4b8ca36877fc75339253721f69603a9c7fdb5d4d5a95a1a1b899d8b86a4de2",
                "sha256:3e382b29f8e0ccf19a2df2b29a167591245df90c0b5a2542249873b5c1d78212",
                "sha256:42c266ced41b65ed40a282c575705325fa7991af370036d3f134518336636f5b",
                "sha256:53fd2eb27a8ee2892614370896956af2ff61254c275aaee4c230ae771cadd885",
                "sha256:704098302473cb31a218f1775a873b376b30b4c18229421e9e9dc8916fd16150",
                "sha256:7df1ead20c81371ccd6091fa3e2878559b5c4d4caadaf1a484cf88d93ca06703",
                "sha256:866c41f28cee548475f146aa4d39a51cf3b6a84246969f3759cb3e9c742fc072",
                "sha256:a155d80ea6cee511a3694b108c4494a39f42de11ee4e61e72bc424c490e46457",
                "sha256:adaeee09bfde366d2c13fe6093a7df5df83c9a2ba98638c7d76b010694db760e",
                "sha256:b6fb13123aeef4a3abbcfd7e71773ff3ff1526a7d3dc538f3929a49b42be03f0",
                "sha256:b94e4b785e304a04ea0828759172a15add27088520dc7e49ceade7834275bedb",
                "sha256:c0df2d30ed496a08de5daed2a9ea807d07c21ae0ab23acf541ab88c24b26ab97",
                "sha256:c6c2602dffb74867498f86e6129fd52a2770c48b7cd3ece77ada4fa38f94eba8",
                "sha256:ceb6e0a6e27fb364fb3853389607cf7eb3a126ad335790fa1e14ed02fba50811",
                "sha256:d9dd839eb0dc1bbe866a288ba3c1afc33a202015d2ad83b31e875b5905a079b6",
                "sha256:e4dab234478e3bd3ce83bac4193b2ecd9cf94e720ddd95ce69840273bf44f6de",
                "sha256:ec4e0cd079db280b6bdabdc807047ff3e199f334050db5cbb91ba3e959a67504",
                "sha256:ecd2c3fe726758037234c93df7e98deb257fd15c24c9180dacf1ef829da5f921",
                "sha256:ef565033fa5a958e62796867b1df10c40263ea9ded87164d67572834e57a174d"
            ],
            "markers": "python_version >= '3.9'",
            "version": "==0.910"
        },
        "mypy-extensions": {
            "hashes": [
                "sha256:090fedd75945a69ae91ce1303b5824f428daf5a028d2f6ab8a299250a846f15d",
                "sha256:2d82818f5bb3e369420cb3c4060a7970edba416647068eb4c5343488a6c604a8"
            ],
            "version": "==0.4.3"
        },
        "numpy": {
            "hashes": [
                "sha256:0b78ecfa070460104934e2caf51694ccd00f37d5e5dbe76f021b1b0b0d221823",
                "sha256:1247ef28387b7bb7f21caf2dbe4767f4f4175df44d30604d42ad9bd701ebb31f",
                "sha256:1403b4e2181fc72664737d848b60e65150f272fe5a1c1cbc16145ed43884065a",
                "sha256:170b2a0805c6891ca78c1d96ee72e4c3ed1ae0a992c75444b6ab20ff038ba2cd",
                "sha256:2e4ed57f45f0aa38beca2a03b6532e70e548faf2debbeb3291cfc9b315d9be8f",
                "sha256:32fe5b12061f6446adcbb32cf4060a14741f9c21e15aaee59a207b6ce6423469",
                "sha256:34f3456f530ae8b44231c63082c8899fe9c983fd9b108c997c4b1c8c2d435333",
                "sha256:4c9c23158b87ed0e70d9a50c67e5c0b3f75bcf2581a8e34668d4e9d7474d76c6",
                "sha256:5d95668e727c75b3f5088ec7700e260f90ec83f488e4c0aaccb941148b2cd377",
                "sha256:615d4e328af7204c13ae3d4df7615a13ff60a49cb0d9106fde07f541207883ca",
                "sha256:69077388c5a4b997442b843dbdc3a85b420fb693ec8e33020bb24d647c164fa5",
                "sha256:74b85a17528ca60cf98381a5e779fc0264b4a88b46025e6bcbe9621f46bb3e63",
                "sha256:81225e58ef5fce7f1d80399575576fc5febec79a8a2742e8ef86d7b03beef49f",
                "sha256:8890b3360f345e8360133bc078d2dacc2843b6ee6059b568781b15b97acbe39f",
                "sha256:92aafa03da8658609f59f18722b88f0a73a249101169e28415b4fa148caf7e41",
                "sha256:9864424631775b0c052f3bd98bc2712d131b3e2cd95d1c0c68b91709170890b0",
                "sha256:9e6f5f50d1eff2f2f752b3089a118aee1ea0da63d56c44f3865681009b0af162",
                "sha256:a3deb31bc84f2b42584b8c4001c85d1934dbfb4030827110bc36bfd11509b7bf",
                "sha256:ad010846cdffe7ec27e3f933397f8a8d6c801a48634f419e3d075db27acf5880",
                "sha256:b1e2312f5b8843a3e4e8224b2b48fe16119617b8fc0a54df8f50098721b5bed2",
                "sha256:bc988afcea53e6156546e5b2885b7efab089570783d9d82caf1cfd323b0bb3dd",
                "sha256:c449eb870616a7b62e097982c622d2577b3dbc800aaf8689254ec6e0197cbf1e",
                "sha256:c74c699b122918a6c4611285cc2cad4a3aafdb135c22a16ec483340ef97d573c",
                "sha256:c885bfc07f77e8fee3dc879152ba993732601f1f11de248d4f357f0ffea6a6d4",
                "sha256:e3c3e990274444031482a31280bf48674441e0a5b55ddb168f3a6db3e0c38ec8",
                "sha256:e4799be6a2d7d3c33699a6f77201836ac975b2e1b98c2a07f66a38f499cb50ce",
                "sha256:e6c76a87633aa3fa16614b61ccedfae45b91df2767cf097aa9c933932a7ed1e0",
                "sha256:e89717274b41ebd568cd7943fc9418eeb49b1785b66031bc8a7f6300463c5898",
                "sha256:f5162ec777ba7138906c9c274353ece5603646c6965570d82905546579573f73",
                "sha256:fde96af889262e85aa033f8ee1d3241e32bf36228318a61f1ace579df4e8170d"
            ],
            "markers": "python_version < '3.11' and python_version >= '3.7'",
            "version": "==1.21.4"
        },
        "packaging": {
            "hashes": [
                "sha256:096d689d78ca690e4cd8a89568ba06d07ca097e3306a4381635073ca91479966",
                "sha256:14317396d1e8cdb122989b916fa2c7e9ca8e2be9e8060a6eff75b6b7b4d8a7e0"
            ],
            "markers": "python_version >= '3.6'",
            "version": "==21.2"
        },
        "pathspec": {
            "hashes": [
                "sha256:7d15c4ddb0b5c802d161efc417ec1a2558ea2653c2e8ad9c19098201dc1c993a",
                "sha256:e564499435a2673d586f6b2130bb5b95f04a3ba06f81b8f895b651a3c76aabb1"
            ],
            "version": "==0.9.0"
        },
        "platformdirs": {
            "hashes": [
                "sha256:367a5e80b3d04d2428ffa76d33f124cf11e8fff2acdaa9b43d545f5c7d661ef2",
                "sha256:8868bbe3c3c80d42f20156f22e7131d2fb321f5bc86a2a345375c6481a67021d"
            ],
            "markers": "python_version >= '3.6'",
            "version": "==2.4.0"
        },
        "pluggy": {
            "hashes": [
                "sha256:4224373bacce55f955a878bf9cfa763c1e360858e330072059e10bad68531159",
                "sha256:74134bbf457f031a36d68416e1509f34bd5ccc019f0bcc952c7b909d06b37bd3"
            ],
            "markers": "python_version >= '3.6'",
            "version": "==1.0.0"
        },
        "py": {
            "hashes": [
                "sha256:51c75c4126074b472f746a24399ad32f6053d1b34b68d2fa41e558e6f4a98719",
                "sha256:607c53218732647dff4acdfcd50cb62615cedf612e72d1724fb1a0cc6405b378"
            ],
            "markers": "python_version >= '2.7' and python_version not in '3.0, 3.1, 3.2, 3.3, 3.4'",
            "version": "==1.11.0"
        },
        "pycodestyle": {
            "hashes": [
                "sha256:514f76d918fcc0b55c6680472f0a37970994e07bbb80725808c17089be302068",
                "sha256:c389c1d06bf7904078ca03399a4816f974a1d590090fecea0c63ec26ebaf1cef"
            ],
            "markers": "python_version >= '2.7' and python_version not in '3.0, 3.1, 3.2, 3.3'",
            "version": "==2.7.0"
        },
        "pyflakes": {
            "hashes": [
                "sha256:7893783d01b8a89811dd72d7dfd4d84ff098e5eed95cfa8905b22bbffe52efc3",
                "sha256:f5bc8ecabc05bb9d291eb5203d6810b49040f6ff446a756326104746cc00c1db"
            ],
            "markers": "python_version >= '2.7' and python_version not in '3.0, 3.1, 3.2, 3.3'",
            "version": "==2.3.1"
        },
        "pygments": {
            "hashes": [
                "sha256:b8e67fe6af78f492b3c4b3e2970c0624cbf08beb1e493b2c99b9fa1b67a20380",
                "sha256:f398865f7eb6874156579fdf36bc840a03cab64d1cde9e93d68f46a425ec52c6"
            ],
            "markers": "python_version >= '3.5'",
            "version": "==2.10.0"
        },
        "pyparsing": {
            "hashes": [
                "sha256:c203ec8783bf771a155b207279b9bccb8dea02d8f0c9e5f8ead507bc3246ecc1",
                "sha256:ef9d7589ef3c200abe66653d3f1ab1033c3c419ae9b9bdb1240a85b024efc88b"
            ],
            "markers": "python_version >= '2.6' and python_version not in '3.0, 3.1, 3.2, 3.3'",
            "version": "==2.4.7"
        },
        "pytest": {
            "hashes": [
                "sha256:131b36680866a76e6781d13f101efb86cf674ebb9762eb70d3082b6f29889e89",
                "sha256:7310f8d27bc79ced999e760ca304d69f6ba6c6649c0b60fb0e04a4a77cacc134"
            ],
            "markers": "python_version >= '3.6'",
            "version": "==6.2.5"
        },
        "pytest-black": {
            "hashes": [
                "sha256:1d339b004f764d6cd0f06e690f6dd748df3d62e6fe1a692d6a5500ac2c5b75a5"
            ],
            "markers": "python_version >= '2.7'",
            "version": "==0.3.12"
        },
        "pytest-cov": {
            "hashes": [
                "sha256:578d5d15ac4a25e5f961c938b85a05b09fdaae9deef3bb6de9a6e766622ca7a6",
                "sha256:e7f0f5b1617d2210a2cabc266dfe2f4c75a8d32fb89eafb7ad9d06f6d076d470"
            ],
            "markers": "python_version >= '3.6'",
            "version": "==3.0.0"
        },
        "pytest-flake8": {
            "hashes": [
                "sha256:c28cf23e7d359753c896745fd4ba859495d02e16c84bac36caa8b1eec58f5bc1",
                "sha256:f0259761a903563f33d6f099914afef339c085085e643bee8343eb323b32dd6b"
            ],
            "version": "==1.0.7"
        },
        "pytest-mypy": {
            "hashes": [
                "sha256:1fa55723a4bf1d054fcba1c3bd694215a2a65cc95ab10164f5808afd893f3b11",
                "sha256:6e68e8eb7ceeb7d1c83a1590912f784879f037b51adfb9c17b95c6b2fc57466b"
            ],
            "markers": "python_version >= '3.5'",
            "version": "==0.8.1"
        },
        "pytz": {
            "hashes": [
                "sha256:3672058bc3453457b622aab7a1c3bfd5ab0bdae451512f6cf25f64ed37f5b87c",
                "sha256:acad2d8b20a1af07d4e4c9d2e9285c5ed9104354062f275f3fcd88dcef4f1326"
            ],
            "version": "==2021.3"
        },
        "rcon": {
            "hashes": [
                "sha256:0bf3b6e02f8ba549610e901435c7977a133edd29329d1829a5ee9fd53f92e3f8",
                "sha256:9d0cc7b1d8f9c17223bd1b4aeeda864a22ceac6bc7cf5aabf45b664e3bc37bc7"
            ],
            "markers": "python_version >= '3.8'",
            "version": "==1.3.6"
        },
        "regex": {
            "hashes": [
                "sha256:0075fe4e2c2720a685fef0f863edd67740ff78c342cf20b2a79bc19388edf5db",
                "sha256:0621c90f28d17260b41838b22c81a79ff436141b322960eb49c7b3f91d1cbab6",
                "sha256:070336382ca92c16c45b4066c4ba9fa83fb0bd13d5553a82e07d344df8d58a84",
                "sha256:075b0fdbaea81afcac5a39a0d1bb91de887dd0d93bf692a5dd69c430e7fc58cb",
                "sha256:07e3755e0f070bc31567dfe447a02011bfa8444239b3e9e5cca6773a22133839",
                "sha256:0ed3465acf8c7c10aa2e0f3d9671da410ead63b38a77283ef464cbb64275df58",
                "sha256:17e095f7f96a4b9f24b93c2c915f31a5201a6316618d919b0593afb070a5270e",
                "sha256:1d85ca137756d62c8138c971453cafe64741adad1f6a7e63a22a5a8abdbd19fa",
                "sha256:20605bfad484e1341b2cbfea0708e4b211d233716604846baa54b94821f487cb",
                "sha256:23f93e74409c210de4de270d4bf88fb8ab736a7400f74210df63a93728cf70d6",
                "sha256:2bb7cae741de1aa03e3dd3a7d98c304871eb155921ca1f0d7cc11f5aade913fd",
                "sha256:2e3ff69ab203b54ce5c480c3ccbe959394ea5beef6bd5ad1785457df7acea92e",
                "sha256:30fe317332de0e50195665bc61a27d46e903d682f94042c36b3f88cb84bd7958",
                "sha256:3576e173e7b4f88f683b4de7db0c2af1b209bb48b2bf1c827a6f3564fad59a97",
                "sha256:35ed5714467fc606551db26f80ee5d6aa1f01185586a7bccd96f179c4b974a11",
                "sha256:41c66bd6750237a8ed23028a6c9173dc0c92dc24c473e771d3bfb9ee817700c3",
                "sha256:48b4f4810117a9072a5aa70f7fea5f86fa9efbe9a798312e0a05044bd707cc33",
                "sha256:4abf35e16f4b639daaf05a2602c1b1d47370e01babf9821306aa138924e3fe92",
                "sha256:4fba661a4966adbd2c3c08d3caad6822ecb6878f5456588e2475ae23a6e47929",
                "sha256:5e85dcfc5d0f374955015ae12c08365b565c6f1eaf36dd182476a4d8e5a1cdb7",
                "sha256:77f9d16f7970791f17ecce7e7f101548314ed1ee2583d4268601f30af3170856",
                "sha256:7ee36d5113b6506b97f45f2e8447cb9af146e60e3f527d93013d19f6d0405f3b",
                "sha256:7fab29411d75c2eb48070020a40f80255936d7c31357b086e5931c107d48306e",
                "sha256:85289c25f658e3260b00178757c87f033f3d4b3e40aa4abdd4dc875ff11a94fb",
                "sha256:886f459db10c0f9d17c87d6594e77be915f18d343ee138e68d259eb385f044a8",
                "sha256:897c539f0f3b2c3a715be651322bef2167de1cdc276b3f370ae81a3bda62df71",
                "sha256:8fbe1768feafd3d0156556677b8ff234c7bf94a8110e906b2d73506f577a3269",
                "sha256:9267e4fba27e6dd1008c4f2983cc548c98b4be4444e3e342db11296c0f45512f",
                "sha256:9486ebda015913909bc28763c6b92fcc3b5e5a67dee4674bceed112109f5dfb8",
                "sha256:956187ff49db7014ceb31e88fcacf4cf63371e6e44d209cf8816cd4a2d61e11a",
                "sha256:a56735c35a3704603d9d7b243ee06139f0837bcac2171d9ba1d638ce1df0742a",
                "sha256:ab1fea8832976ad0bebb11f652b692c328043057d35e9ebc78ab0a7a30cf9a70",
                "sha256:adf35d88d9cffc202e6046e4c32e1e11a1d0238b2fcf095c94f109e510ececea",
                "sha256:af23b9ca9a874ef0ec20e44467b8edd556c37b0f46f93abfa93752ea7c0e8d1e",
                "sha256:b3794cea825f101fe0df9af8a00f9fad8e119c91e39a28636b95ee2b45b6c2e5",
                "sha256:bb11c982a849dc22782210b01d0c1b98eb3696ce655d58a54180774e4880ac66",
                "sha256:be30cd315db0168063a1755fa20a31119da91afa51da2907553493516e165640",
                "sha256:c6238d30dcff141de076344cf7f52468de61729c2f70d776fce12f55fe8df790",
                "sha256:cb1e44d860345ab5d4f533b6c37565a22f403277f44c4d2d5e06c325da959883",
                "sha256:d4bfe3bc3976ccaeb4ae32f51e631964e2f0e85b2b752721b7a02de5ce3b7f27",
                "sha256:d8ee91e1c295beb5c132ebd78616814de26fedba6aa8687ea460c7f5eb289b72",
                "sha256:e3c00cb5c71da655e1e5161481455479b613d500dd1bd252aa01df4f037c641f",
                "sha256:e9cec3a62d146e8e122d159ab93ac32c988e2ec0dcb1e18e9e53ff2da4fbd30c",
                "sha256:ef4e53e2fdc997d91f5b682f81f7dc9661db9a437acce28745d765d251902d85",
                "sha256:f0148988af0182a0a4e5020e7c168014f2c55a16d11179610f7883dd48ac0ebe",
                "sha256:f20f9f430c33597887ba9bd76635476928e76cad2981643ca8be277b8e97aa96",
                "sha256:f5930d334c2f607711d54761956aedf8137f83f1b764b9640be21d25a976f3a4",
                "sha256:f6a28e87ba69f3a4f30d775b179aac55be1ce59f55799328a0d9b6df8f16b39d",
                "sha256:f9ee98d658a146cb6507be720a0ce1b44f2abef8fb43c2859791d91aace17cd5"
            ],
            "version": "==2021.11.2"
        },
        "requests": {
            "hashes": [
                "sha256:6c1246513ecd5ecd4528a0906f910e8f0f9c6b8ec72030dc9fd154dc1a6efd24",
                "sha256:b8aa58f8cf793ffd8782d3d8cb19e66ef36f7aba4353eec859e74678b01b07a7"
            ],
            "markers": "python_version >= '2.7' and python_version not in '3.0, 3.1, 3.2, 3.3, 3.4, 3.5'",
            "version": "==2.26.0"
        },
        "snowballstemmer": {
            "hashes": [
                "sha256:b51b447bea85f9968c13b650126a888aabd4cb4463fca868ec596826325dedc2",
                "sha256:e997baa4f2e9139951b6f4c631bad912dfd3c792467e2f03d7239464af90e914"
            ],
            "version": "==2.1.0"
        },
        "sphinx": {
            "hashes": [
                "sha256:94078db9184491e15bce0a56d9186e0aec95f16ac20b12d00e06d4e36f1058a6",
                "sha256:98a535c62a4fcfcc362528592f69b26f7caec587d32cd55688db580be0287ae0"
            ],
            "markers": "python_version >= '3.6'",
            "version": "==4.2.0"
        },
        "sphinx-rtd-theme": {
            "hashes": [
                "sha256:4d35a56f4508cfee4c4fb604373ede6feae2a306731d533f409ef5c3496fdbd8",
                "sha256:eec6d497e4c2195fa0e8b2016b337532b8a699a68bcb22a512870e16925c6a5c"
            ],
            "markers": "python_version >= '2.7' and python_version not in '3.0, 3.1, 3.2, 3.3'",
            "version": "==1.0.0"
        },
        "sphinx-rtd-theme-github-versions": {
            "hashes": [
                "sha256:4cc018fdb1a2300b40ff62c6c3d0ec6901ecc0e3a2788f52a9b4768a2b0b6a70",
                "sha256:f84b45baf536c01c2e62f26e8206dd69f0375d9c9b3769d56295292e6e00f43b"
            ],
            "version": "==0.2"
        },
        "sphinxcontrib-applehelp": {
            "hashes": [
                "sha256:806111e5e962be97c29ec4c1e7fe277bfd19e9652fb1a4392105b43e01af885a",
                "sha256:a072735ec80e7675e3f432fcae8610ecf509c5f1869d17e2eecff44389cdbc58"
            ],
            "markers": "python_version >= '3.5'",
            "version": "==1.0.2"
        },
        "sphinxcontrib-devhelp": {
            "hashes": [
                "sha256:8165223f9a335cc1af7ffe1ed31d2871f325254c0423bc0c4c7cd1c1e4734a2e",
                "sha256:ff7f1afa7b9642e7060379360a67e9c41e8f3121f2ce9164266f61b9f4b338e4"
            ],
            "markers": "python_version >= '3.5'",
            "version": "==1.0.2"
        },
        "sphinxcontrib-htmlhelp": {
            "hashes": [
                "sha256:d412243dfb797ae3ec2b59eca0e52dac12e75a241bf0e4eb861e450d06c6ed07",
                "sha256:f5f8bb2d0d629f398bf47d0d69c07bc13b65f75a81ad9e2f71a63d4b7a2f6db2"
            ],
            "markers": "python_version >= '3.6'",
            "version": "==2.0.0"
        },
        "sphinxcontrib-jsmath": {
            "hashes": [
                "sha256:2ec2eaebfb78f3f2078e73666b1415417a116cc848b72e5172e596c871103178",
                "sha256:a9925e4a4587247ed2191a22df5f6970656cb8ca2bd6284309578f2153e0c4b8"
            ],
            "markers": "python_version >= '3.5'",
            "version": "==1.0.1"
        },
        "sphinxcontrib-qthelp": {
            "hashes": [
                "sha256:4c33767ee058b70dba89a6fc5c1892c0d57a54be67ddd3e7875a18d14cba5a72",
                "sha256:bd9fc24bcb748a8d51fd4ecaade681350aa63009a347a8c14e637895444dfab6"
            ],
            "markers": "python_version >= '3.5'",
            "version": "==1.0.3"
        },
        "sphinxcontrib-serializinghtml": {
            "hashes": [
                "sha256:352a9a00ae864471d3a7ead8d7d79f5fc0b57e8b3f95e9867eb9eb28999b92fd",
                "sha256:aa5f6de5dfdf809ef505c4895e51ef5c9eac17d0f287933eb49ec495280b6952"
            ],
            "markers": "python_version >= '3.5'",
            "version": "==1.1.5"
        },
        "testfixtures": {
            "hashes": [
                "sha256:2600100ae96ffd082334b378e355550fef8b4a529a6fa4c34f47130905c7426d",
                "sha256:6ddb7f56a123e1a9339f130a200359092bd0a6455e31838d6c477e8729bb7763"
            ],
            "version": "==6.18.3"
        },
        "toml": {
            "hashes": [
                "sha256:806143ae5bfb6a3c6e736a764057db0e6a0e05e338b5630894a5f779cabb4f9b",
                "sha256:b3bda1d108d5dd99f4a20d24d9c348e91c4db7ab1b749200bded2f839ccbe68f"
            ],
            "markers": "python_version >= '2.6' and python_version not in '3.0, 3.1, 3.2, 3.3'",
            "version": "==0.10.2"
        },
        "tomli": {
            "hashes": [
                "sha256:c6ce0015eb38820eaf32b5db832dbc26deb3dd427bd5f6556cf0acac2c214fee",
                "sha256:f04066f68f5554911363063a30b108d2b5a5b1a010aa8b6132af78489fe3aade"
            ],
            "version": "==1.2.2"
        },
        "typing-extensions": {
            "hashes": [
                "sha256:49f75d16ff11f1cd258e1b988ccff82a3ca5570217d7ad8c5f48205dd99a677e",
                "sha256:d8226d10bc02a29bcc81df19a26e56a9647f8b0a6d4a83924139f4a8b01f17b7",
                "sha256:f1d25edafde516b146ecd0613dabcc61409817af4766fbbcfb8d1ad4ec441a34"
            ],
            "version": "==3.10.0.2"
        },
        "urllib3": {
            "hashes": [
                "sha256:4987c65554f7a2dbf30c18fd48778ef124af6fab771a377103da0585e2336ece",
                "sha256:c4fdf4019605b6e5423637e01bc9fe4daef873709a7973e195ceba0a62bbc844"
            ],
            "markers": "python_version >= '2.7' and python_version not in '3.0, 3.1, 3.2, 3.3, 3.4' and python_version < '4'",
            "version": "==1.26.7"
        },
        "websocket-client": {
            "hashes": [
                "sha256:0133d2f784858e59959ce82ddac316634229da55b498aac311f1620567a710ec",
                "sha256:8dfb715d8a992f5712fff8c843adae94e22b22a99b2c5e6b0ec4a1a981cc4e0d"
            ],
            "markers": "python_version >= '3.6'",
            "version": "==1.2.1"
        },
        "zipp": {
            "hashes": [
                "sha256:71c644c5369f4a6e07636f0aa966270449561fcea2e3d6747b8d23efaa9d7832",
                "sha256:9fe5ea21568a0a70e50f273397638d39b03353731e6cbbb3fd8502a33fec40bc"
            ],
            "markers": "python_version >= '3.6'",
            "version": "==3.6.0"
        }
    }
}
